{
  "originHash" : "a6915435d8112e606d9ca8298cd82889fcc0fe1db02a1580b0ce82b92ff074a4",
  "pins" : [
    {
      "identity" : "alamofire",
      "kind" : "remoteSourceControl",
      "location" : "https://github.com/Alamofire/Alamofire",
      "state" : {
        "revision" : "513364f870f6bfc468f9d2ff0a95caccc10044c5",
        "version" : "5.10.2"
      }
    },
    {
      "identity" : "onesignal-xcframework",
      "kind" : "remoteSourceControl",
      "location" : "https://github.com/OneSignal/OneSignal-XCFramework",
      "state" : {
        "revision" : "a7df0fa1cb25ae2920b6ee01fe703fec50639256",
        "version" : "5.2.10"
      }
    },
    {
      "identity" : "sdk-ios",
      "kind" : "remoteSourceControl",
      "location" : "https://github.com/affise/sdk-ios",
      "state" : {
        "revision" : "0623bb965158ddd60919979926171b5f53f28bb2",
        "version" : "1.6.49"
      }
    },
    {
      "identity" : "swifter",
      "kind" : "remoteSourceControl",
      "location" : "https://github.com/httpswift/swifter",
      "state" : {
        "revision" : "9483a5d459b45c3ffd059f7b55f9638e268632fd",
        "version" : "1.5.0"
      }
    }
  ],
  "version" : 3
}
